// !$*UTF8*$!
{
	archiveVersion = 1;
	classes = {
	};
	objectVersion = 55;
	objects = {

/* Begin PBXBuildFile section */
		3A55E720272323BF00F4AB73 /* AppDelegate.swift in Sources */ = {isa = PBXBuildFile; fileRef = 3A55E71F272323BF00F4AB73 /* AppDelegate.swift */; };
		3A55E722272323BF00F4AB73 /* SceneDelegate.swift in Sources */ = {isa = PBXBuildFile; fileRef = 3A55E721272323BF00F4AB73 /* SceneDelegate.swift */; };
		3A55E724272323BF00F4AB73 /* ViewController.swift in Sources */ = {isa = PBXBuildFile; fileRef = 3A55E723272323BF00F4AB73 /* ViewController.swift */; };
		3A55E729272323C300F4AB73 /* Assets.xcassets in Resources */ = {isa = PBXBuildFile; fileRef = 3A55E728272323C300F4AB73 /* Assets.xcassets */; };
		3A55E72C272323C300F4AB73 /* LaunchScreen.storyboard in Resources */ = {isa = PBXBuildFile; fileRef = 3A55E72A272323C300F4AB73 /* LaunchScreen.storyboard */; };
		3A8038A72724432D004FD3DE /* TableViewCell.swift in Sources */ = {isa = PBXBuildFile; fileRef = 3A8038A62724432D004FD3DE /* TableViewCell.swift */; };
		3A8038A9272449F4004FD3DE /* CollectionViewCell.swift in Sources */ = {isa = PBXBuildFile; fileRef = 3A8038A8272449F4004FD3DE /* CollectionViewCell.swift */; };
		3A8038AB27245D54004FD3DE /* TableViewCellViewModel.swift in Sources */ = {isa = PBXBuildFile; fileRef = 3A8038AA27245D54004FD3DE /* TableViewCellViewModel.swift */; };
		3A8038AD272461CA004FD3DE /* CollectionViewCellViewModel.swift in Sources */ = {isa = PBXBuildFile; fileRef = 3A8038AC272461CA004FD3DE /* CollectionViewCellViewModel.swift */; };
		DE1838FDCD35E130520FDAF4 /* Pods_MVVM_RxSwift.framework in Frameworks */ = {isa = PBXBuildFile; fileRef = 7FE328B50EB2D5F7BF28F0E5 /* Pods_MVVM_RxSwift.framework */; };
/* End PBXBuildFile section */

/* Begin PBXFileReference section */
		3A55E71C272323BF00F4AB73 /* MVVM-RxSwift.app */ = {isa = PBXFileReference; explicitFileType = wrapper.application; includeInIndex = 0; path = "MVVM-RxSwift.app"; sourceTree = BUILT_PRODUCTS_DIR; };
		3A55E71F272323BF00F4AB73 /* AppDelegate.swift */ = {isa = PBXFileReference; lastKnownFileType = sourcecode.swift; path = AppDelegate.swift; sourceTree = "<group>"; };
		3A55E721272323BF00F4AB73 /* SceneDelegate.swift */ = {isa = PBXFileReference; lastKnownFileType = sourcecode.swift; path = SceneDelegate.swift; sourceTree = "<group>"; };
		3A55E723272323BF00F4AB73 /* ViewController.swift */ = {isa = PBXFileReference; lastKnownFileType = sourcecode.swift; path = ViewController.swift; sourceTree = "<group>"; };
		3A55E728272323C300F4AB73 /* Assets.xcassets */ = {isa = PBXFileReference; lastKnownFileType = folder.assetcatalog; path = Assets.xcassets; sourceTree = "<group>"; };
		3A55E72B272323C300F4AB73 /* Base */ = {isa = PBXFileReference; lastKnownFileType = file.storyboard; name = Base; path = Base.lproj/LaunchScreen.storyboard; sourceTree = "<group>"; };
		3A55E72D272323C300F4AB73 /* Info.plist */ = {isa = PBXFileReference; lastKnownFileType = text.plist.xml; path = Info.plist; sourceTree = "<group>"; };
		3A8038A62724432D004FD3DE /* TableViewCell.swift */ = {isa = PBXFileReference; lastKnownFileType = sourcecode.swift; path = TableViewCell.swift; sourceTree = "<group>"; };
		3A8038A8272449F4004FD3DE /* CollectionViewCell.swift */ = {isa = PBXFileReference; lastKnownFileType = sourcecode.swift; path = CollectionViewCell.swift; sourceTree = "<group>"; };
		3A8038AA27245D54004FD3DE /* TableViewCellViewModel.swift */ = {isa = PBXFileReference; lastKnownFileType = sourcecode.swift; path = TableViewCellViewModel.swift; sourceTree = "<group>"; };
		3A8038AC272461CA004FD3DE /* CollectionViewCellViewModel.swift */ = {isa = PBXFileReference; lastKnownFileType = sourcecode.swift; path = CollectionViewCellViewModel.swift; sourceTree = "<group>"; };
		3A876EA65E97474187E8F459 /* Pods-MVVM-RxSwift.release.xcconfig */ = {isa = PBXFileReference; includeInIndex = 1; lastKnownFileType = text.xcconfig; name = "Pods-MVVM-RxSwift.release.xcconfig"; path = "Target Support Files/Pods-MVVM-RxSwift/Pods-MVVM-RxSwift.release.xcconfig"; sourceTree = "<group>"; };
		651EDEE8C762CEBC679A522B /* Pods-MVVM-RxSwift.debug.xcconfig */ = {isa = PBXFileReference; includeInIndex = 1; lastKnownFileType = text.xcconfig; name = "Pods-MVVM-RxSwift.debug.xcconfig"; path = "Target Support Files/Pods-MVVM-RxSwift/Pods-MVVM-RxSwift.debug.xcconfig"; sourceTree = "<group>"; };
		7FE328B50EB2D5F7BF28F0E5 /* Pods_MVVM_RxSwift.framework */ = {isa = PBXFileReference; explicitFileType = wrapper.framework; includeInIndex = 0; path = Pods_MVVM_RxSwift.framework; sourceTree = BUILT_PRODUCTS_DIR; };
/* End PBXFileReference section */

/* Begin PBXFrameworksBuildPhase section */
		3A55E719272323BF00F4AB73 /* Frameworks */ = {
			isa = PBXFrameworksBuildPhase;
			buildActionMask = 2147483647;
			files = (
				DE1838FDCD35E130520FDAF4 /* Pods_MVVM_RxSwift.framework in Frameworks */,
			);
			runOnlyForDeploymentPostprocessing = 0;
		};
/* End PBXFrameworksBuildPhase section */

/* Begin PBXGroup section */
		3A55E713272323BF00F4AB73 = {
			isa = PBXGroup;
			children = (
				3A55E71E272323BF00F4AB73 /* MVVM-RxSwift */,
				3A55E71D272323BF00F4AB73 /* Products */,
				B6ECB9DB9CCC364AED9A070A /* Pods */,
				8CD941FD52B77ED645C46885 /* Frameworks */,
			);
			sourceTree = "<group>";
		};
		3A55E71D272323BF00F4AB73 /* Products */ = {
			isa = PBXGroup;
			children = (
				3A55E71C272323BF00F4AB73 /* MVVM-RxSwift.app */,
			);
			name = Products;
			sourceTree = "<group>";
		};
		3A55E71E272323BF00F4AB73 /* MVVM-RxSwift */ = {
			isa = PBXGroup;
			children = (
				3A55E736272327BE00F4AB73 /* Common */,
				3A55E735272327AA00F4AB73 /* View */,
				3A55E7342723279300F4AB73 /* ViewModel */,
				3A55E7332723271800F4AB73 /* Model */,
				3A55E728272323C300F4AB73 /* Assets.xcassets */,
				3A55E72A272323C300F4AB73 /* LaunchScreen.storyboard */,
				3A55E72D272323C300F4AB73 /* Info.plist */,
			);
			path = "MVVM-RxSwift";
			sourceTree = "<group>";
		};
		3A55E7332723271800F4AB73 /* Model */ = {
			isa = PBXGroup;
			children = (
			);
			path = Model;
			sourceTree = "<group>";
		};
		3A55E7342723279300F4AB73 /* ViewModel */ = {
			isa = PBXGroup;
			children = (
				3A8038AA27245D54004FD3DE /* TableViewCellViewModel.swift */,
				3A8038AC272461CA004FD3DE /* CollectionViewCellViewModel.swift */,
			);
			path = ViewModel;
			sourceTree = "<group>";
		};
		3A55E735272327AA00F4AB73 /* View */ = {
			isa = PBXGroup;
			children = (
				3A55E723272323BF00F4AB73 /* ViewController.swift */,
				3A8038A62724432D004FD3DE /* TableViewCell.swift */,
				3A8038A8272449F4004FD3DE /* CollectionViewCell.swift */,
			);
			path = View;
			sourceTree = "<group>";
		};
		3A55E736272327BE00F4AB73 /* Common */ = {
			isa = PBXGroup;
			children = (
				3A55E721272323BF00F4AB73 /* SceneDelegate.swift */,
				3A55E71F272323BF00F4AB73 /* AppDelegate.swift */,
			);
			path = Common;
			sourceTree = "<group>";
		};
		8CD941FD52B77ED645C46885 /* Frameworks */ = {
			isa = PBXGroup;
			children = (
				7FE328B50EB2D5F7BF28F0E5 /* Pods_MVVM_RxSwift.framework */,
			);
			name = Frameworks;
			sourceTree = "<group>";
		};
		B6ECB9DB9CCC364AED9A070A /* Pods */ = {
			isa = PBXGroup;
			children = (
				651EDEE8C762CEBC679A522B /* Pods-MVVM-RxSwift.debug.xcconfig */,
				3A876EA65E97474187E8F459 /* Pods-MVVM-RxSwift.release.xcconfig */,
			);
			path = Pods;
			sourceTree = "<group>";
		};
/* End PBXGroup section */

/* Begin PBXNativeTarget section */
		3A55E71B272323BF00F4AB73 /* MVVM-RxSwift */ = {
			isa = PBXNativeTarget;
			buildConfigurationList = 3A55E730272323C300F4AB73 /* Build configuration list for PBXNativeTarget "MVVM-RxSwift" */;
			buildPhases = (
				48482A99044EE6356D3D86F9 /* [CP] Check Pods Manifest.lock */,
				3A55E718272323BF00F4AB73 /* Sources */,
				3A55E719272323BF00F4AB73 /* Frameworks */,
				3A55E71A272323BF00F4AB73 /* Resources */,
				E5702745FD162FCBC6BD94B4 /* [CP] Embed Pods Frameworks */,
			);
			buildRules = (
			);
			dependencies = (
			);
			name = "MVVM-RxSwift";
			productName = "MVVM-RxSwift";
			productReference = 3A55E71C272323BF00F4AB73 /* MVVM-RxSwift.app */;
			productType = "com.apple.product-type.application";
		};
/* End PBXNativeTarget section */

/* Begin PBXProject section */
		3A55E714272323BF00F4AB73 /* Project object */ = {
			isa = PBXProject;
			attributes = {
				BuildIndependentTargetsInParallel = 1;
				LastSwiftUpdateCheck = 1300;
				LastUpgradeCheck = 1300;
				TargetAttributes = {
					3A55E71B272323BF00F4AB73 = {
						CreatedOnToolsVersion = 13.0;
					};
				};
			};
			buildConfigurationList = 3A55E717272323BF00F4AB73 /* Build configuration list for PBXProject "MVVM-RxSwift" */;
			compatibilityVersion = "Xcode 13.0";
			developmentRegion = en;
			hasScannedForEncodings = 0;
			knownRegions = (
				en,
				Base,
			);
			mainGroup = 3A55E713272323BF00F4AB73;
			productRefGroup = 3A55E71D272323BF00F4AB73 /* Products */;
			projectDirPath = "";
			projectRoot = "";
			targets = (
				3A55E71B272323BF00F4AB73 /* MVVM-RxSwift */,
			);
		};
/* End PBXProject section */

/* Begin PBXResourcesBuildPhase section */
		3A55E71A272323BF00F4AB73 /* Resources */ = {
			isa = PBXResourcesBuildPhase;
			buildActionMask = 2147483647;
			files = (
				3A55E72C272323C300F4AB73 /* LaunchScreen.storyboard in Resources */,
				3A55E729272323C300F4AB73 /* Assets.xcassets in Resources */,
			);
			runOnlyForDeploymentPostprocessing = 0;
		};
/* End PBXResourcesBuildPhase section */

/* Begin PBXShellScriptBuildPhase section */
		48482A99044EE6356D3D86F9 /* [CP] Check Pods Manifest.lock */ = {
			isa = PBXShellScriptBuildPhase;
			buildActionMask = 2147483647;
			files = (
			);
			inputFileListPaths = (
			);
			inputPaths = (
				"${PODS_PODFILE_DIR_PATH}/Podfile.lock",
				"${PODS_ROOT}/Manifest.lock",
			);
			name = "[CP] Check Pods Manifest.lock";
			outputFileListPaths = (
			);
			outputPaths = (
				"$(DERIVED_FILE_DIR)/Pods-MVVM-RxSwift-checkManifestLockResult.txt",
			);
			runOnlyForDeploymentPostprocessing = 0;
			shellPath = /bin/sh;
			shellScript = "diff \"${PODS_PODFILE_DIR_PATH}/Podfile.lock\" \"${PODS_ROOT}/Manifest.lock\" > /dev/null\nif [ $? != 0 ] ; then\n    # print error to STDERR\n    echo \"error: The sandbox is not in sync with the Podfile.lock. Run 'pod install' or update your CocoaPods installation.\" >&2\n    exit 1\nfi\n# This output is used by Xcode 'outputs' to avoid re-running this script phase.\necho \"SUCCESS\" > \"${SCRIPT_OUTPUT_FILE_0}\"\n";
			showEnvVarsInLog = 0;
		};
		E5702745FD162FCBC6BD94B4 /* [CP] Embed Pods Frameworks */ = {
			isa = PBXShellScriptBuildPhase;
			buildActionMask = 2147483647;
			files = (
			);
			inputFileListPaths = (
				"${PODS_ROOT}/Target Support Files/Pods-MVVM-RxSwift/Pods-MVVM-RxSwift-frameworks-${CONFIGURATION}-input-files.xcfilelist",
			);
			name = "[CP] Embed Pods Frameworks";
			outputFileListPaths = (
				"${PODS_ROOT}/Target Support Files/Pods-MVVM-RxSwift/Pods-MVVM-RxSwift-frameworks-${CONFIGURATION}-output-files.xcfilelist",
			);
			runOnlyForDeploymentPostprocessing = 0;
			shellPath = /bin/sh;
			shellScript = "\"${PODS_ROOT}/Target Support Files/Pods-MVVM-RxSwift/Pods-MVVM-RxSwift-frameworks.sh\"\n";
			showEnvVarsInLog = 0;
		};
/* End PBXShellScriptBuildPhase section */

/* Begin PBXSourcesBuildPhase section */
		3A55E718272323BF00F4AB73 /* Sources */ = {
			isa = PBXSourcesBuildPhase;
			buildActionMask = 2147483647;
			files = (
				3A8038AD272461CA004FD3DE /* CollectionViewCellViewModel.swift in Sources */,
				3A8038AB27245D54004FD3DE /* TableViewCellViewModel.swift in Sources */,
				3A8038A9272449F4004FD3DE /* CollectionViewCell.swift in Sources */,
				3A55E724272323BF00F4AB73 /* ViewController.swift in Sources */,
				3A8038A72724432D004FD3DE /* TableViewCell.swift in Sources */,
				3A55E720272323BF00F4AB73 /* AppDelegate.swift in Sources */,
				3A55E722272323BF00F4AB73 /* SceneDelegate.swift in Sources */,
			);
			runOnlyForDeploymentPostprocessing = 0;
		};
/* End PBXSourcesBuildPhase section */

/* Begin PBXVariantGroup section */
		3A55E72A272323C300F4AB73 /* LaunchScreen.storyboard */ = {
			isa = PBXVariantGroup;
			children = (
				3A55E72B272323C300F4AB73 /* Base */,
			);
			name = LaunchScreen.storyboard;
			sourceTree = "<group>";
		};
/* End PBXVariantGroup section */

/* Begin XCBuildConfiguration section */
		3A55E72E272323C300F4AB73 /* Debug */ = {
			isa = XCBuildConfiguration;
			buildSettings = {
				ALWAYS_SEARCH_USER_PATHS = NO;
				CLANG_ANALYZER_NONNULL = YES;
				CLANG_ANALYZER_NUMBER_OBJECT_CONVERSION = YES_AGGRESSIVE;
				CLANG_CXX_LANGUAGE_STANDARD = "gnu++17";
				CLANG_CXX_LIBRARY = "libc++";
				CLANG_ENABLE_MODULES = YES;
				CLANG_ENABLE_OBJC_ARC = YES;
				CLANG_ENABLE_OBJC_WEAK = YES;
				CLANG_WARN_BLOCK_CAPTURE_AUTORELEASING = YES;
				CLANG_WARN_BOOL_CONVERSION = YES;
				CLANG_WARN_COMMA = YES;
				CLANG_WARN_CONSTANT_CONVERSION = YES;
				CLANG_WARN_DEPRECATED_OBJC_IMPLEMENTATIONS = YES;
				CLANG_WARN_DIRECT_OBJC_ISA_USAGE = YES_ERROR;
				CLANG_WARN_DOCUMENTATION_COMMENTS = YES;
				CLANG_WARN_EMPTY_BODY = YES;
				CLANG_WARN_ENUM_CONVERSION = YES;
				CLANG_WARN_INFINITE_RECURSION = YES;
				CLANG_WARN_INT_CONVERSION = YES;
				CLANG_WARN_NON_LITERAL_NULL_CONVERSION = YES;
				CLANG_WARN_OBJC_IMPLICIT_RETAIN_SELF = YES;
				CLANG_WARN_OBJC_LITERAL_CONVERSION = YES;
				CLANG_WARN_OBJC_ROOT_CLASS = YES_ERROR;
				CLANG_WARN_QUOTED_INCLUDE_IN_FRAMEWORK_HEADER = YES;
				CLANG_WARN_RANGE_LOOP_ANALYSIS = YES;
				CLANG_WARN_STRICT_PROTOTYPES = YES;
				CLANG_WARN_SUSPICIOUS_MOVE = YES;
				CLANG_WARN_UNGUARDED_AVAILABILITY = YES_AGGRESSIVE;
				CLANG_WARN_UNREACHABLE_CODE = YES;
				CLANG_WARN__DUPLICATE_METHOD_MATCH = YES;
				COPY_PHASE_STRIP = NO;
				DEBUG_INFORMATION_FORMAT = dwarf;
				ENABLE_STRICT_OBJC_MSGSEND = YES;
				ENABLE_TESTABILITY = YES;
				GCC_C_LANGUAGE_STANDARD = gnu11;
				GCC_DYNAMIC_NO_PIC = NO;
				GCC_NO_COMMON_BLOCKS = YES;
				GCC_OPTIMIZATION_LEVEL = 0;
				GCC_PREPROCESSOR_DEFINITIONS = (
					"DEBUG=1",
					"$(inherited)",
				);
				GCC_WARN_64_TO_32_BIT_CONVERSION = YES;
				GCC_WARN_ABOUT_RETURN_TYPE = YES_ERROR;
				GCC_WARN_UNDECLARED_SELECTOR = YES;
				GCC_WARN_UNINITIALIZED_AUTOS = YES_AGGRESSIVE;
				GCC_WARN_UNUSED_FUNCTION = YES;
				GCC_WARN_UNUSED_VARIABLE = YES;
				IPHONEOS_DEPLOYMENT_TARGET = 15.0;
				MTL_ENABLE_DEBUG_INFO = INCLUDE_SOURCE;
				MTL_FAST_MATH = YES;
				ONLY_ACTIVE_ARCH = YES;
				SDKROOT = iphoneos;
				SWIFT_ACTIVE_COMPILATION_CONDITIONS = DEBUG;
				SWIFT_OPTIMIZATION_LEVEL = "-Onone";
			};
			name = Debug;
		};
		3A55E72F272323C300F4AB73 /* Release */ = {
			isa = XCBuildConfiguration;
			buildSettings = {
				ALWAYS_SEARCH_USER_PATHS = NO;
				CLANG_ANALYZER_NONNULL = YES;
				CLANG_ANALYZER_NUMBER_OBJECT_CONVERSION = YES_AGGRESSIVE;
				CLANG_CXX_LANGUAGE_STANDARD = "gnu++17";
				CLANG_CXX_LIBRARY = "libc++";
				CLANG_ENABLE_MODULES = YES;
				CLANG_ENABLE_OBJC_ARC = YES;
				CLANG_ENABLE_OBJC_WEAK = YES;
				CLANG_WARN_BLOCK_CAPTURE_AUTORELEASING = YES;
				CLANG_WARN_BOOL_CONVERSION = YES;
				CLANG_WARN_COMMA = YES;
				CLANG_WARN_CONSTANT_CONVERSION = YES;
				CLANG_WARN_DEPRECATED_OBJC_IMPLEMENTATIONS = YES;
				CLANG_WARN_DIRECT_OBJC_ISA_USAGE = YES_ERROR;
				CLANG_WARN_DOCUMENTATION_COMMENTS = YES;
				CLANG_WARN_EMPTY_BODY = YES;
				CLANG_WARN_ENUM_CONVERSION = YES;
				CLANG_WARN_INFINITE_RECURSION = YES;
				CLANG_WARN_INT_CONVERSION = YES;
				CLANG_WARN_NON_LITERAL_NULL_CONVERSION = YES;
				CLANG_WARN_OBJC_IMPLICIT_RETAIN_SELF = YES;
				CLANG_WARN_OBJC_LITERAL_CONVERSION = YES;
				CLANG_WARN_OBJC_ROOT_CLASS = YES_ERROR;
				CLANG_WARN_QUOTED_INCLUDE_IN_FRAMEWORK_HEADER = YES;
				CLANG_WARN_RANGE_LOOP_ANALYSIS = YES;
				CLANG_WARN_STRICT_PROTOTYPES = YES;
				CLANG_WARN_SUSPICIOUS_MOVE = YES;
				CLANG_WARN_UNGUARDED_AVAILABILITY = YES_AGGRESSIVE;
				CLANG_WARN_UNREACHABLE_CODE = YES;
				CLANG_WARN__DUPLICATE_METHOD_MATCH = YES;
				COPY_PHASE_STRIP = NO;
				DEBUG_INFORMATION_FORMAT = "dwarf-with-dsym";
				ENABLE_NS_ASSERTIONS = NO;
				ENABLE_STRICT_OBJC_MSGSEND = YES;
				GCC_C_LANGUAGE_STANDARD = gnu11;
				GCC_NO_COMMON_BLOCKS = YES;
				GCC_WARN_64_TO_32_BIT_CONVERSION = YES;
				GCC_WARN_ABOUT_RETURN_TYPE = YES_ERROR;
				GCC_WARN_UNDECLARED_SELECTOR = YES;
				GCC_WARN_UNINITIALIZED_AUTOS = YES_AGGRESSIVE;
				GCC_WARN_UNUSED_FUNCTION = YES;
				GCC_WARN_UNUSED_VARIABLE = YES;
				IPHONEOS_DEPLOYMENT_TARGET = 15.0;
				MTL_ENABLE_DEBUG_INFO = NO;
				MTL_FAST_MATH = YES;
				SDKROOT = iphoneos;
				SWIFT_COMPILATION_MODE = wholemodule;
				SWIFT_OPTIMIZATION_LEVEL = "-O";
				VALIDATE_PRODUCT = YES;
			};
			name = Release;
		};
		3A55E731272323C300F4AB73 /* Debug */ = {
			isa = XCBuildConfiguration;
			baseConfigurationReference = 651EDEE8C762CEBC679A522B /* Pods-MVVM-RxSwift.debug.xcconfig */;
			buildSettings = {
				ASSETCATALOG_COMPILER_APPICON_NAME = AppIcon;
				ASSETCATALOG_COMPILER_GLOBAL_ACCENT_COLOR_NAME = AccentColor;
				CODE_SIGN_STYLE = Automatic;
				CURRENT_PROJECT_VERSION = 1;
				DEVELOPMENT_TEAM = N9NR9N6DGU;
				GENERATE_INFOPLIST_FILE = YES;
				INFOPLIST_FILE = "MVVM-RxSwift/Info.plist";
				INFOPLIST_KEY_UIApplicationSupportsIndirectInputEvents = YES;
				INFOPLIST_KEY_UILaunchStoryboardName = LaunchScreen;
				INFOPLIST_KEY_UISupportedInterfaceOrientations_iPad = "UIInterfaceOrientationPortrait UIInterfaceOrientationPortraitUpsideDown UIInterfaceOrientationLandscapeLeft UIInterfaceOrientationLandscapeRight";
				INFOPLIST_KEY_UISupportedInterfaceOrientations_iPhone = "UIInterfaceOrientationPortrait UIInterfaceOrientationLandscapeLeft UIInterfaceOrientationLandscapeRight";
				LD_RUNPATH_SEARCH_PATHS = (
					"$(inherited)",
					"@executable_path/Frameworks",
				);
				MARKETING_VERSION = 1.0;
				PRODUCT_BUNDLE_IDENTIFIER = "i.MVVM-RxSwift";
				PRODUCT_NAME = "$(TARGET_NAME)";
				SWIFT_EMIT_LOC_STRINGS = YES;
				SWIFT_VERSION = 5.0;
				TARGETED_DEVICE_FAMILY = "1,2";
			};
			name = Debug;
		};
		3A55E732272323C300F4AB73 /* Release */ = {
			isa = XCBuildConfiguration;
			baseConfigurationReference = 3A876EA65E97474187E8F459 /* Pods-MVVM-RxSwift.release.xcconfig */;
			buildSettings = {
				ASSETCATALOG_COMPILER_APPICON_NAME = AppIcon;
				ASSETCATALOG_COMPILER_GLOBAL_ACCENT_COLOR_NAME = AccentColor;
				CODE_SIGN_STYLE = Automatic;
				CURRENT_PROJECT_VERSION = 1;
				DEVELOPMENT_TEAM = N9NR9N6DGU;
				GENERATE_INFOPLIST_FILE = YES;
				INFOPLIST_FILE = "MVVM-RxSwift/Info.plist";
				INFOPLIST_KEY_UIApplicationSupportsIndirectInputEvents = YES;
				INFOPLIST_KEY_UILaunchStoryboardName = LaunchScreen;
				INFOPLIST_KEY_UISupportedInterfaceOrientations_iPad = "UIInterfaceOrientationPortrait UIInterfaceOrientationPortraitUpsideDown UIInterfaceOrientationLandscapeLeft UIInterfaceOrientationLandscapeRight";
				INFOPLIST_KEY_UISupportedInterfaceOrientations_iPhone = "UIInterfaceOrientationPortrait UIInterfaceOrientationLandscapeLeft UIInterfaceOrientationLandscapeRight";
				LD_RUNPATH_SEARCH_PATHS = (
					"$(inherited)",
					"@executable_path/Frameworks",
				);
				MARKETING_VERSION = 1.0;
				PRODUCT_BUNDLE_IDENTIFIER = "i.MVVM-RxSwift";
				PRODUCT_NAME = "$(TARGET_NAME)";
				SWIFT_EMIT_LOC_STRINGS = YES;
				SWIFT_VERSION = 5.0;
				TARGETED_DEVICE_FAMILY = "1,2";
			};
			name = Release;
		};
/* End XCBuildConfiguration section */

/* Begin XCConfigurationList section */
		3A55E717272323BF00F4AB73 /* Build configuration list for PBXProject "MVVM-RxSwift" */ = {
			isa = XCConfigurationList;
			buildConfigurations = (
				3A55E72E272323C300F4AB73 /* Debug */,
				3A55E72F272323C300F4AB73 /* Release */,
			);
			defaultConfigurationIsVisible = 0;
			defaultConfigurationName = Release;
		};
		3A55E730272323C300F4AB73 /* Build configuration list for PBXNativeTarget "MVVM-RxSwift" */ = {
			isa = XCConfigurationList;
			buildConfigurations = (
				3A55E731272323C300F4AB73 /* Debug */,
				3A55E732272323C300F4AB73 /* Release */,
			);
			defaultConfigurationIsVisible = 0;
			defaultConfigurationName = Release;
		};
/* End XCConfigurationList section */
	};
	rootObject = 3A55E714272323BF00F4AB73 /* Project object */;
}
